
Microsoft Visual Studio Solution File, Format Version 12.00
# Visual Studio Version 16
VisualStudioVersion = 16.0.31205.134
MinimumVisualStudioVersion = 10.0.40219.1
Project("{FAE04EC0-301F-11D3-BF4B-00C04F79EFBC}") = "RoundedTB", "RoundedTB\RoundedTB.csproj", "{52C15E53-9E25-4847-8522-8BA77B08106F}"
EndProject
Global
	GlobalSection(SolutionConfigurationPlatforms) = preSolution
		Debug|Any CPU = Debug|Any CPU
		Release|Any CPU = Release|Any CPU
	EndGlobalSection
	GlobalSection(ProjectConfigurationPlatforms) = postSolution
		{52C15E53-9E25-4847-8522-8BA77B08106F}.Debug|Any CPU.ActiveCfg = Debug|Any CPU
		{52C15E53-9E25-4847-8522-8BA77B08106F}.Debug|Any CPU.Build.0 = Debug|Any CPU
		{52C15E53-9E25-4847-8522-8BA77B08106F}.Release|Any CPU.ActiveCfg = Release|Any CPU
		{52C15E53-9E25-4847-8522-8BA77B08106F}.Release|Any CPU.Build.0 = Release|Any CPU
	EndGlobalSection
	GlobalSection(SolutionProperties) = preSolution
		HideSolutionNode = FALSE
	EndGlobalSection
	GlobalSection(ExtensibilityGlobals) = postSolution
		SolutionGuid = {DA142517-2AAB-4F18-A60B-23F80035D8E0}
	EndGlobalSection
EndGlobal
